
Microsoft Visual Studio Solution File, Format Version 12.00
# Visual Studio Version 17
VisualStudioVersion = 17.8.34408.163
MinimumVisualStudioVersion = 10.0.40219.1
Project("{FAE04EC0-301F-11D3-BF4B-00C04F79EFBC}") = "LojaRoupas", "LojaRoupas.csproj", "{8C355FDA-D7E0-4669-A8EB-3F1DECDB5969}"
EndProject
Global
	GlobalSection(SolutionConfigurationPlatforms) = preSolution
		Debug|Any CPU = Debug|Any CPU
		Release|Any CPU = Release|Any CPU
	EndGlobalSection
	GlobalSection(ProjectConfigurationPlatforms) = postSolution
		{8C355FDA-D7E0-4669-A8EB-3F1DECDB5969}.Debug|Any CPU.ActiveCfg = Debug|Any CPU
		{8C355FDA-D7E0-4669-A8EB-3F1DECDB5969}.Debug|Any CPU.Build.0 = Debug|Any CPU
		{8C355FDA-D7E0-4669-A8EB-3F1DECDB5969}.Release|Any CPU.ActiveCfg = Release|Any CPU
		{8C355FDA-D7E0-4669-A8EB-3F1DECDB5969}.Release|Any CPU.Build.0 = Release|Any CPU
	EndGlobalSection
	GlobalSection(SolutionProperties) = preSolution
		HideSolutionNode = FALSE
	EndGlobalSection
	GlobalSection(ExtensibilityGlobals) = postSolution
		SolutionGuid = {36C2C503-A84F-4FEC-A60B-CF46CE0F8C27}
	EndGlobalSection
EndGlobal
